{
  "name": "fusion_flow",
  "version": "1.0.0",
  "lockfileVersion": 3,
  "requires": true,
  "packages": {
    "": {
      "name": "fusion_flow",
      "version": "1.0.0",
      "dependencies": {
        "@retejs/lit-plugin": "^2.0.0",
        "lit": "^3.1.0",
        "rete": "^2.0.0",
        "rete-area-plugin": "^2.0.0",
        "rete-connection-plugin": "^2.0.0",
        "rete-history-plugin": "^2.0.0"
      },
      "devDependencies": {}
    },
    "node_modules/@babel/runtime": {
      "version": "7.28.6",
      "resolved": "https://registry.npmjs.org/@babel/runtime/-/runtime-7.28.6.tgz",
      "integrity": "sha512-05WQkdpL9COIMz4LjTxGpPNCdlpyimKppYNoJ5Di5EUObifl8t4tuLuUBBZEpoLYOmfvIWrsp9fCl0HoPRVTdA==",
      "license": "MIT",
      "engines": {
        "node": ">=6.9.0"
      }
    },
    "node_modules/@lit-labs/ssr-dom-shim": {
      "version": "1.5.1",
      "resolved": "https://registry.npmjs.org/@lit-labs/ssr-dom-shim/-/ssr-dom-shim-1.5.1.tgz",
      "integrity": "sha512-Aou5UdlSpr5whQe8AA/bZG0jMj96CoJIWbGfZ91qieWu5AWUMKw8VR/pAkQkJYvBNhmCcWnZlyyk5oze8JIqYA==",
      "license": "BSD-3-Clause"
    },
    "node_modules/@lit/reactive-element": {
      "version": "2.1.2",
      "resolved": "https://registry.npmjs.org/@lit/reactive-element/-/reactive-element-2.1.2.tgz",
      "integrity": "sha512-pbCDiVMnne1lYUIaYNN5wrwQXDtHaYtg7YEFPeW+hws6U47WeFvISGUWekPGKWOP1ygrs0ef0o1VJMk1exos5A==",
      "license": "BSD-3-Clause",
      "dependencies": {
        "@lit-labs/ssr-dom-shim": "^1.5.0"
      }
    },
    "node_modules/@retejs/lit-plugin": {
      "version": "2.0.7",
      "resolved": "https://registry.npmjs.org/@retejs/lit-plugin/-/lit-plugin-2.0.7.tgz",
      "integrity": "sha512-jnrZ10lwmoxCi9eqViblAi7D8VxMrsGiS/tkn55YOR19xoGxF2Z9rzmdg0RfR8qsNHubHsQDjDFmGbL8tbDmbA==",
      "license": "MIT",
      "peerDependencies": {
        "lit": "^3.0.0",
        "rete": "^2.0.0",
        "rete-area-plugin": "^2.0.0",
        "rete-render-utils": "^2.0.0"
      }
    },
    "node_modules/@types/trusted-types": {
      "version": "2.0.7",
      "resolved": "https://registry.npmjs.org/@types/trusted-types/-/trusted-types-2.0.7.tgz",
      "integrity": "sha512-ScaPdn1dQczgbl0QFTeTOmVHFULt394XJgOQNoyVhZ6r2vLnMLJfBPd53SB52T/3G36VI1/g2MZaX0cwDuXsfw==",
      "license": "MIT"
    },
    "node_modules/lit": {
      "version": "3.3.2",
      "resolved": "https://registry.npmjs.org/lit/-/lit-3.3.2.tgz",
      "integrity": "sha512-NF9zbsP79l4ao2SNrH3NkfmFgN/hBYSQo90saIVI1o5GpjAdCPVstVzO1MrLOakHoEhYkrtRjPK6Ob521aoYWQ==",
      "license": "BSD-3-Clause",
      "dependencies": {
        "@lit/reactive-element": "^2.1.0",
        "lit-element": "^4.2.0",
        "lit-html": "^3.3.0"
      }
    },
    "node_modules/lit-element": {
      "version": "4.2.2",
      "resolved": "https://registry.npmjs.org/lit-element/-/lit-element-4.2.2.tgz",
      "integrity": "sha512-aFKhNToWxoyhkNDmWZwEva2SlQia+jfG0fjIWV//YeTaWrVnOxD89dPKfigCUspXFmjzOEUQpOkejH5Ly6sG0w==",
      "license": "BSD-3-Clause",
      "dependencies": {
        "@lit-labs/ssr-dom-shim": "^1.5.0",
        "@lit/reactive-element": "^2.1.0",
        "lit-html": "^3.3.0"
      }
    },
    "node_modules/lit-html": {
      "version": "3.3.2",
      "resolved": "https://registry.npmjs.org/lit-html/-/lit-html-3.3.2.tgz",
      "integrity": "sha512-Qy9hU88zcmaxBXcc10ZpdK7cOLXvXpRoBxERdtqV9QOrfpMZZ6pSYP91LhpPtap3sFMUiL7Tw2RImbe0Al2/kw==",
      "license": "BSD-3-Clause",
      "dependencies": {
        "@types/trusted-types": "^2.0.2"
      }
    },
    "node_modules/rete": {
      "version": "2.0.6",
      "resolved": "https://registry.npmjs.org/rete/-/rete-2.0.6.tgz",
      "integrity": "sha512-kPmlKCGFES2VWtY7Y7SCB8ZeXRMsgX5deza9cu4OwmfM/ZUimd461kC3hRyccoyVxE4POlHUx0gg2jcGfusHFg==",
      "hasInstallScript": true,
      "license": "MIT",
      "dependencies": {
        "@babel/runtime": "^7.21.0"
      }
    },
    "node_modules/rete-area-plugin": {
      "version": "2.1.5",
      "resolved": "https://registry.npmjs.org/rete-area-plugin/-/rete-area-plugin-2.1.5.tgz",
      "integrity": "sha512-iquEvwkQlcsO4cmgM3Z37TG0AWaE536dfA+lCJAze5YJzVx4RBaViUCqdB4dUA/utSytpBCkiDC4D3ztM9akGQ==",
      "license": "MIT",
      "dependencies": {
        "@babel/runtime": "^7.21.0"
      },
      "peerDependencies": {
        "rete": "^2.0.0"
      }
    },
    "node_modules/rete-connection-plugin": {
      "version": "2.0.5",
      "resolved": "https://registry.npmjs.org/rete-connection-plugin/-/rete-connection-plugin-2.0.5.tgz",
      "integrity": "sha512-KFtlOyEJRc0y9STVgo2T+t+j9u5fxiTxbyzPbMCm0uqncb3b8d2ABDIzvWoNo5zQAh2Oz/OvlUovupbzrGzpSg==",
      "license": "MIT",
      "dependencies": {
        "@babel/runtime": "^7.21.0"
      },
      "peerDependencies": {
        "rete": "^2.0.1",
        "rete-area-plugin": "^2.0.0"
      }
    },
    "node_modules/rete-history-plugin": {
      "version": "2.1.1",
      "resolved": "https://registry.npmjs.org/rete-history-plugin/-/rete-history-plugin-2.1.1.tgz",
      "integrity": "sha512-Kb2FF51qwl9axSVzusZDJ7ojksg0qPBY3CIhAusHxTLYzO5Di1Nu3cAzHUOHik6kcb3eZI+GYdfqaj/E8xggxQ==",
      "license": "MIT",
      "dependencies": {
        "@babel/runtime": "^7.21.0"
      },
      "peerDependencies": {
        "rete": "^2.0.1",
        "rete-area-plugin": "^2.0.0"
      }
    },
    "node_modules/rete-render-utils": {
      "version": "2.0.3",
      "resolved": "https://registry.npmjs.org/rete-render-utils/-/rete-render-utils-2.0.3.tgz",
      "integrity": "sha512-Oz4W2PNayHocRvlzadb5BCNf+tDzJ8RhTwB3ucBPCdCLKZ974wWDiTSCRfA287L2hmHVzRfBdyAwC03K9eP+4g==",
      "license": "MIT",
      "peer": true,
      "dependencies": {
        "@babel/runtime": "^7.21.0"
      },
      "peerDependencies": {
        "rete": "^2.0.0",
        "rete-area-plugin": "^2.0.0"
      }
    }
  }
}
